
Microsoft Visual Studio Solution File, Format Version 12.00
# Visual Studio Version 16
VisualStudioVersion = 16.0.30128.74
MinimumVisualStudioVersion = 10.0.40219.1
Project("{8BC9CEB8-8B4A-11D0-8D11-00A0C91BC942}") = "intergalni_06_20", "intergalni_06_20\intergalni_06_20.vcxproj", "{407FE72E-A358-43EE-9E6D-DC3CF2AD0B83}"
EndProject
Global
	GlobalSection(SolutionConfigurationPlatforms) = preSolution
		Debug|x64 = Debug|x64
		Debug|x86 = Debug|x86
		Release|x64 = Release|x64
		Release|x86 = Release|x86
	EndGlobalSection
	GlobalSection(ProjectConfigurationPlatforms) = postSolution
		{407FE72E-A358-43EE-9E6D-DC3CF2AD0B83}.Debug|x64.ActiveCfg = Debug|x64
		{407FE72E-A358-43EE-9E6D-DC3CF2AD0B83}.Debug|x64.Build.0 = Debug|x64
		{407FE72E-A358-43EE-9E6D-DC3CF2AD0B83}.Debug|x86.ActiveCfg = Debug|Win32
		{407FE72E-A358-43EE-9E6D-DC3CF2AD0B83}.Debug|x86.Build.0 = Debug|Win32
		{407FE72E-A358-43EE-9E6D-DC3CF2AD0B83}.Release|x64.ActiveCfg = Release|x64
		{407FE72E-A358-43EE-9E6D-DC3CF2AD0B83}.Release|x64.Build.0 = Release|x64
		{407FE72E-A358-43EE-9E6D-DC3CF2AD0B83}.Release|x86.ActiveCfg = Release|Win32
		{407FE72E-A358-43EE-9E6D-DC3CF2AD0B83}.Release|x86.Build.0 = Release|Win32
	EndGlobalSection
	GlobalSection(SolutionProperties) = preSolution
		HideSolutionNode = FALSE
	EndGlobalSection
	GlobalSection(ExtensibilityGlobals) = postSolution
		SolutionGuid = {EFEC8E5C-5EC2-45C1-BB9F-80A11815653B}
	EndGlobalSection
EndGlobal
